
Microsoft Visual Studio Solution File, Format Version 12.00
# Visual Studio Version 16
VisualStudioVersion = 16.0.31702.278
MinimumVisualStudioVersion = 10.0.40219.1
Project("{FAE04EC0-301F-11D3-BF4B-00C04F79EFBC}") = "IOUDIE_HFT_2021221.Client", "IOUDIE_HFT_2021221.Client\IOUDIE_HFT_2021221.Client.csproj", "{EBD1888B-EC73-4FAC-80D6-282E6E479C1F}"
EndProject
Project("{2150E333-8FDC-42A3-9474-1A3956D46DE8}") = "Frontend", "Frontend", "{488119C9-4980-4B5C-911E-F56AD9087B05}"
EndProject
Project("{2150E333-8FDC-42A3-9474-1A3956D46DE8}") = "Backend", "Backend", "{68A379EA-51E4-4608-BF86-D3C304265ACF}"
EndProject
Project("{2150E333-8FDC-42A3-9474-1A3956D46DE8}") = "Shared", "Shared", "{E382AB6F-F23C-4B21-81B6-4693073A9078}"
EndProject
Project("{2150E333-8FDC-42A3-9474-1A3956D46DE8}") = "Others", "Others", "{65C836A9-FD7C-4CCC-9F00-C6FB107C200A}"
EndProject
Project("{FAE04EC0-301F-11D3-BF4B-00C04F79EFBC}") = "IOUDIE_HFT_2021221.Models", "IOUDIE_HFT_2021221.Models\IOUDIE_HFT_2021221.Models.csproj", "{7A95A274-662D-4950-8D23-5951F29C4B31}"
EndProject
Project("{FAE04EC0-301F-11D3-BF4B-00C04F79EFBC}") = "IOUDIE_HFT_2021221.Data", "IOUDIE_HFT_2021221.Data\IOUDIE_HFT_2021221.Data.csproj", "{FCB57148-0191-4CDB-99B3-4A883D2ADC06}"
EndProject
Project("{FAE04EC0-301F-11D3-BF4B-00C04F79EFBC}") = "IOUDIE_HFT_2021221.Logic", "IOUDIE_HFT_2021221.Logic\IOUDIE_HFT_2021221.Logic.csproj", "{A779220D-AFC1-44B0-90A4-D00C621B7FE4}"
EndProject
Project("{FAE04EC0-301F-11D3-BF4B-00C04F79EFBC}") = "IOUDIE_HFT_2021221.Repository", "IOUDIE_HFT_2021221.Repository\IOUDIE_HFT_2021221.Repository.csproj", "{DF790409-3B72-47F4-918E-8102EEF4118B}"
EndProject
Project("{FAE04EC0-301F-11D3-BF4B-00C04F79EFBC}") = "IOUDIE_HFT_2021221.Test", "IOUDIE_HFT_2021221.Test\IOUDIE_HFT_2021221.Test.csproj", "{BFF17A5F-EEAC-4976-8D87-860F73DC41A1}"
EndProject
Project("{FAE04EC0-301F-11D3-BF4B-00C04F79EFBC}") = "IOUDIE_HFT_2021221.Endpoint", "IOUDIE_HFT_2021221.Endpoint\IOUDIE_HFT_2021221.Endpoint.csproj", "{0E02D007-2178-49B3-9721-8EC753F78EAA}"
EndProject
Global
	GlobalSection(SolutionConfigurationPlatforms) = preSolution
		Debug|Any CPU = Debug|Any CPU
		Release|Any CPU = Release|Any CPU
	EndGlobalSection
	GlobalSection(ProjectConfigurationPlatforms) = postSolution
		{EBD1888B-EC73-4FAC-80D6-282E6E479C1F}.Debug|Any CPU.ActiveCfg = Debug|Any CPU
		{EBD1888B-EC73-4FAC-80D6-282E6E479C1F}.Debug|Any CPU.Build.0 = Debug|Any CPU
		{EBD1888B-EC73-4FAC-80D6-282E6E479C1F}.Release|Any CPU.ActiveCfg = Release|Any CPU
		{EBD1888B-EC73-4FAC-80D6-282E6E479C1F}.Release|Any CPU.Build.0 = Release|Any CPU
		{7A95A274-662D-4950-8D23-5951F29C4B31}.Debug|Any CPU.ActiveCfg = Debug|Any CPU
		{7A95A274-662D-4950-8D23-5951F29C4B31}.Debug|Any CPU.Build.0 = Debug|Any CPU
		{7A95A274-662D-4950-8D23-5951F29C4B31}.Release|Any CPU.ActiveCfg = Release|Any CPU
		{7A95A274-662D-4950-8D23-5951F29C4B31}.Release|Any CPU.Build.0 = Release|Any CPU
		{FCB57148-0191-4CDB-99B3-4A883D2ADC06}.Debug|Any CPU.ActiveCfg = Debug|Any CPU
		{FCB57148-0191-4CDB-99B3-4A883D2ADC06}.Debug|Any CPU.Build.0 = Debug|Any CPU
		{FCB57148-0191-4CDB-99B3-4A883D2ADC06}.Release|Any CPU.ActiveCfg = Release|Any CPU
		{FCB57148-0191-4CDB-99B3-4A883D2ADC06}.Release|Any CPU.Build.0 = Release|Any CPU
		{A779220D-AFC1-44B0-90A4-D00C621B7FE4}.Debug|Any CPU.ActiveCfg = Debug|Any CPU
		{A779220D-AFC1-44B0-90A4-D00C621B7FE4}.Debug|Any CPU.Build.0 = Debug|Any CPU
		{A779220D-AFC1-44B0-90A4-D00C621B7FE4}.Release|Any CPU.ActiveCfg = Release|Any CPU
		{A779220D-AFC1-44B0-90A4-D00C621B7FE4}.Release|Any CPU.Build.0 = Release|Any CPU
		{DF790409-3B72-47F4-918E-8102EEF4118B}.Debug|Any CPU.ActiveCfg = Debug|Any CPU
		{DF790409-3B72-47F4-918E-8102EEF4118B}.Debug|Any CPU.Build.0 = Debug|Any CPU
		{DF790409-3B72-47F4-918E-8102EEF4118B}.Release|Any CPU.ActiveCfg = Release|Any CPU
		{DF790409-3B72-47F4-918E-8102EEF4118B}.Release|Any CPU.Build.0 = Release|Any CPU
		{BFF17A5F-EEAC-4976-8D87-860F73DC41A1}.Debug|Any CPU.ActiveCfg = Debug|Any CPU
		{BFF17A5F-EEAC-4976-8D87-860F73DC41A1}.Debug|Any CPU.Build.0 = Debug|Any CPU
		{BFF17A5F-EEAC-4976-8D87-860F73DC41A1}.Release|Any CPU.ActiveCfg = Release|Any CPU
		{BFF17A5F-EEAC-4976-8D87-860F73DC41A1}.Release|Any CPU.Build.0 = Release|Any CPU
		{0E02D007-2178-49B3-9721-8EC753F78EAA}.Debug|Any CPU.ActiveCfg = Debug|Any CPU
		{0E02D007-2178-49B3-9721-8EC753F78EAA}.Debug|Any CPU.Build.0 = Debug|Any CPU
		{0E02D007-2178-49B3-9721-8EC753F78EAA}.Release|Any CPU.ActiveCfg = Release|Any CPU
		{0E02D007-2178-49B3-9721-8EC753F78EAA}.Release|Any CPU.Build.0 = Release|Any CPU
	EndGlobalSection
	GlobalSection(SolutionProperties) = preSolution
		HideSolutionNode = FALSE
	EndGlobalSection
	GlobalSection(NestedProjects) = preSolution
		{EBD1888B-EC73-4FAC-80D6-282E6E479C1F} = {488119C9-4980-4B5C-911E-F56AD9087B05}
		{7A95A274-662D-4950-8D23-5951F29C4B31} = {E382AB6F-F23C-4B21-81B6-4693073A9078}
		{FCB57148-0191-4CDB-99B3-4A883D2ADC06} = {68A379EA-51E4-4608-BF86-D3C304265ACF}
		{A779220D-AFC1-44B0-90A4-D00C621B7FE4} = {68A379EA-51E4-4608-BF86-D3C304265ACF}
		{DF790409-3B72-47F4-918E-8102EEF4118B} = {68A379EA-51E4-4608-BF86-D3C304265ACF}
		{BFF17A5F-EEAC-4976-8D87-860F73DC41A1} = {68A379EA-51E4-4608-BF86-D3C304265ACF}
		{0E02D007-2178-49B3-9721-8EC753F78EAA} = {68A379EA-51E4-4608-BF86-D3C304265ACF}
	EndGlobalSection
	GlobalSection(ExtensibilityGlobals) = postSolution
		SolutionGuid = {95F1E44F-6E1C-4A65-97FB-5E5BA17CFDA3}
	EndGlobalSection
EndGlobal
